
Microsoft Visual Studio Solution File, Format Version 12.00
# Visual Studio Version 17
VisualStudioVersion = 17.0.31903.59
MinimumVisualStudioVersion = 10.0.40219.1
Project("{2150E333-8FDC-42A3-9474-1A3956D46DE8}") = "Presentation", "Presentation", "{50F6BD8F-8E49-4325-B716-2AFB75CE34A8}"
EndProject
Project("{2150E333-8FDC-42A3-9474-1A3956D46DE8}") = "Core", "Core", "{9EE6B883-C7A0-4AE0-85AD-C7FA09CEB0E0}"
EndProject
Project("{2150E333-8FDC-42A3-9474-1A3956D46DE8}") = "Data", "Data", "{57C82D7D-8F00-4C05-B63B-8C0EBF00051B}"
EndProject
Project("{2150E333-8FDC-42A3-9474-1A3956D46DE8}") = "Tool", "Tool", "{0C05B70F-04F7-4646-980D-226A274A2C89}"
EndProject
Project("{2150E333-8FDC-42A3-9474-1A3956D46DE8}") = "Domain", "Domain", "{AB3A0A1F-0E81-4809-8B50-950C96B9184A}"
EndProject
Project("{2150E333-8FDC-42A3-9474-1A3956D46DE8}") = "Entity", "Entity", "{E9D2F533-81A5-4E86-8FD3-CCA6FFA4D770}"
EndProject
Project("{9A19103F-16F7-4668-BE54-9A1E7A4F7556}") = "Debugram.WebFramework", "Debugram.WebFramework\Debugram.WebFramework.csproj", "{57B84640-E79E-49F1-AF1D-414D7E1ABF8B}"
EndProject
Project("{9A19103F-16F7-4668-BE54-9A1E7A4F7556}") = "Debugram.Service", "Debugram.Service\Debugram.Service.csproj", "{93B11C8C-55F4-4075-B813-F3FF0D6CD7A2}"
EndProject
Project("{9A19103F-16F7-4668-BE54-9A1E7A4F7556}") = "Debugram.Data.Repositories", "Debugram.Data\Debugram.Data.Repositories.csproj", "{6E204E38-F94A-45A7-92C6-CF684B3D6D7D}"
EndProject
Project("{9A19103F-16F7-4668-BE54-9A1E7A4F7556}") = "Debugram.Utilities", "Debugram.Common\Debugram.Utilities.csproj", "{3713BBED-83A5-41F7-911F-8C326BB7A0B3}"
EndProject
Project("{9A19103F-16F7-4668-BE54-9A1E7A4F7556}") = "Debugram.Model", "Debugram.Model\Debugram.Model.csproj", "{5A6EED84-FD81-49EE-8DDF-B2318C518B4F}"
EndProject
Project("{9A19103F-16F7-4668-BE54-9A1E7A4F7556}") = "Debugram.CommonModel", "Debugram.CommonModel\Debugram.CommonModel.csproj", "{30853AB2-AC6C-433B-A751-2E074172217A}"
EndProject
Project("{9A19103F-16F7-4668-BE54-9A1E7A4F7556}") = "Debugram.AdminModel", "Debugram.AdminModel\Debugram.AdminModel.csproj", "{E90C4BB9-16EE-46C0-8540-BB6D35D56BE7}"
EndProject
Project("{9A19103F-16F7-4668-BE54-9A1E7A4F7556}") = "Debugram.Entities", "Debugram.Entities\Debugram.Entities.csproj", "{11F76F65-01B7-42FC-B677-A319416D6FF6}"
EndProject
Project("{9A19103F-16F7-4668-BE54-9A1E7A4F7556}") = "Debugram.Api", "Debugram.Api\Debugram.Api.csproj", "{DAC7E14A-7DDE-4FEF-9E8A-F7BDD83E6183}"
EndProject
Project("{FAE04EC0-301F-11D3-BF4B-00C04F79EFBC}") = "Debugram.Data.Service", "Debugram.Data.Service\Debugram.Data.Service.csproj", "{356AAFF0-5436-4827-8788-7B2858BA0BFC}"
EndProject
Global
	GlobalSection(SolutionConfigurationPlatforms) = preSolution
		Debug|Any CPU = Debug|Any CPU
		Release|Any CPU = Release|Any CPU
	EndGlobalSection
	GlobalSection(ProjectConfigurationPlatforms) = postSolution
		{57B84640-E79E-49F1-AF1D-414D7E1ABF8B}.Debug|Any CPU.ActiveCfg = Debug|Any CPU
		{57B84640-E79E-49F1-AF1D-414D7E1ABF8B}.Debug|Any CPU.Build.0 = Debug|Any CPU
		{57B84640-E79E-49F1-AF1D-414D7E1ABF8B}.Release|Any CPU.ActiveCfg = Release|Any CPU
		{57B84640-E79E-49F1-AF1D-414D7E1ABF8B}.Release|Any CPU.Build.0 = Release|Any CPU
		{93B11C8C-55F4-4075-B813-F3FF0D6CD7A2}.Debug|Any CPU.ActiveCfg = Debug|Any CPU
		{93B11C8C-55F4-4075-B813-F3FF0D6CD7A2}.Debug|Any CPU.Build.0 = Debug|Any CPU
		{93B11C8C-55F4-4075-B813-F3FF0D6CD7A2}.Release|Any CPU.ActiveCfg = Release|Any CPU
		{93B11C8C-55F4-4075-B813-F3FF0D6CD7A2}.Release|Any CPU.Build.0 = Release|Any CPU
		{6E204E38-F94A-45A7-92C6-CF684B3D6D7D}.Debug|Any CPU.ActiveCfg = Debug|Any CPU
		{6E204E38-F94A-45A7-92C6-CF684B3D6D7D}.Debug|Any CPU.Build.0 = Debug|Any CPU
		{6E204E38-F94A-45A7-92C6-CF684B3D6D7D}.Release|Any CPU.ActiveCfg = Release|Any CPU
		{6E204E38-F94A-45A7-92C6-CF684B3D6D7D}.Release|Any CPU.Build.0 = Release|Any CPU
		{3713BBED-83A5-41F7-911F-8C326BB7A0B3}.Debug|Any CPU.ActiveCfg = Debug|Any CPU
		{3713BBED-83A5-41F7-911F-8C326BB7A0B3}.Debug|Any CPU.Build.0 = Debug|Any CPU
		{3713BBED-83A5-41F7-911F-8C326BB7A0B3}.Release|Any CPU.ActiveCfg = Release|Any CPU
		{3713BBED-83A5-41F7-911F-8C326BB7A0B3}.Release|Any CPU.Build.0 = Release|Any CPU
		{5A6EED84-FD81-49EE-8DDF-B2318C518B4F}.Debug|Any CPU.ActiveCfg = Debug|Any CPU
		{5A6EED84-FD81-49EE-8DDF-B2318C518B4F}.Debug|Any CPU.Build.0 = Debug|Any CPU
		{5A6EED84-FD81-49EE-8DDF-B2318C518B4F}.Release|Any CPU.ActiveCfg = Release|Any CPU
		{5A6EED84-FD81-49EE-8DDF-B2318C518B4F}.Release|Any CPU.Build.0 = Release|Any CPU
		{30853AB2-AC6C-433B-A751-2E074172217A}.Debug|Any CPU.ActiveCfg = Debug|Any CPU
		{30853AB2-AC6C-433B-A751-2E074172217A}.Debug|Any CPU.Build.0 = Debug|Any CPU
		{30853AB2-AC6C-433B-A751-2E074172217A}.Release|Any CPU.ActiveCfg = Release|Any CPU
		{30853AB2-AC6C-433B-A751-2E074172217A}.Release|Any CPU.Build.0 = Release|Any CPU
		{E90C4BB9-16EE-46C0-8540-BB6D35D56BE7}.Debug|Any CPU.ActiveCfg = Debug|Any CPU
		{E90C4BB9-16EE-46C0-8540-BB6D35D56BE7}.Debug|Any CPU.Build.0 = Debug|Any CPU
		{E90C4BB9-16EE-46C0-8540-BB6D35D56BE7}.Release|Any CPU.ActiveCfg = Release|Any CPU
		{E90C4BB9-16EE-46C0-8540-BB6D35D56BE7}.Release|Any CPU.Build.0 = Release|Any CPU
		{11F76F65-01B7-42FC-B677-A319416D6FF6}.Debug|Any CPU.ActiveCfg = Debug|Any CPU
		{11F76F65-01B7-42FC-B677-A319416D6FF6}.Debug|Any CPU.Build.0 = Debug|Any CPU
		{11F76F65-01B7-42FC-B677-A319416D6FF6}.Release|Any CPU.ActiveCfg = Release|Any CPU
		{11F76F65-01B7-42FC-B677-A319416D6FF6}.Release|Any CPU.Build.0 = Release|Any CPU
		{DAC7E14A-7DDE-4FEF-9E8A-F7BDD83E6183}.Debug|Any CPU.ActiveCfg = Debug|Any CPU
		{DAC7E14A-7DDE-4FEF-9E8A-F7BDD83E6183}.Debug|Any CPU.Build.0 = Debug|Any CPU
		{DAC7E14A-7DDE-4FEF-9E8A-F7BDD83E6183}.Release|Any CPU.ActiveCfg = Release|Any CPU
		{DAC7E14A-7DDE-4FEF-9E8A-F7BDD83E6183}.Release|Any CPU.Build.0 = Release|Any CPU
		{356AAFF0-5436-4827-8788-7B2858BA0BFC}.Debug|Any CPU.ActiveCfg = Debug|Any CPU
		{356AAFF0-5436-4827-8788-7B2858BA0BFC}.Debug|Any CPU.Build.0 = Debug|Any CPU
		{356AAFF0-5436-4827-8788-7B2858BA0BFC}.Release|Any CPU.ActiveCfg = Release|Any CPU
		{356AAFF0-5436-4827-8788-7B2858BA0BFC}.Release|Any CPU.Build.0 = Release|Any CPU
	EndGlobalSection
	GlobalSection(SolutionProperties) = preSolution
		HideSolutionNode = FALSE
	EndGlobalSection
	GlobalSection(NestedProjects) = preSolution
		{57B84640-E79E-49F1-AF1D-414D7E1ABF8B} = {9EE6B883-C7A0-4AE0-85AD-C7FA09CEB0E0}
		{93B11C8C-55F4-4075-B813-F3FF0D6CD7A2} = {9EE6B883-C7A0-4AE0-85AD-C7FA09CEB0E0}
		{6E204E38-F94A-45A7-92C6-CF684B3D6D7D} = {57C82D7D-8F00-4C05-B63B-8C0EBF00051B}
		{3713BBED-83A5-41F7-911F-8C326BB7A0B3} = {0C05B70F-04F7-4646-980D-226A274A2C89}
		{5A6EED84-FD81-49EE-8DDF-B2318C518B4F} = {AB3A0A1F-0E81-4809-8B50-950C96B9184A}
		{30853AB2-AC6C-433B-A751-2E074172217A} = {AB3A0A1F-0E81-4809-8B50-950C96B9184A}
		{E90C4BB9-16EE-46C0-8540-BB6D35D56BE7} = {AB3A0A1F-0E81-4809-8B50-950C96B9184A}
		{11F76F65-01B7-42FC-B677-A319416D6FF6} = {E9D2F533-81A5-4E86-8FD3-CCA6FFA4D770}
		{DAC7E14A-7DDE-4FEF-9E8A-F7BDD83E6183} = {50F6BD8F-8E49-4325-B716-2AFB75CE34A8}
		{356AAFF0-5436-4827-8788-7B2858BA0BFC} = {57C82D7D-8F00-4C05-B63B-8C0EBF00051B}
	EndGlobalSection
	GlobalSection(ExtensibilityGlobals) = postSolution
		SolutionGuid = {CD4A5BA3-99B6-4BE5-93DE-123CBA06F7AD}
	EndGlobalSection
EndGlobal
